dependencies:
- name: postgresql
  repository: https://kubernetes-charts.storage.googleapis.com/
  version: 0.7.1
- name: redis
  repository: https://kubernetes-charts.storage.googleapis.com/
  version: 5.1.6
digest: sha256:64b6586518a1d19c772c709dd26b22bc9c48de0e1b861eebc4ee34e3c58faea1
generated: 2019-04-19T13:26:16.262631+02:00
